
Microsoft Visual Studio Solution File, Format Version 12.00
# Visual Studio Version 17
VisualStudioVersion = 17.9.34902.65
MinimumVisualStudioVersion = 10.0.40219.1
Project("{9A19103F-16F7-4668-BE54-9A1E7A4F7556}") = "WPFUI", "WPFUI\WPFUI.csproj", "{49743D80-9EFC-4785-8D4E-FA5168A015C7}"
EndProject
Project("{9A19103F-16F7-4668-BE54-9A1E7A4F7556}") = "Engine", "Engine\Engine.csproj", "{A2223FFF-24BF-4737-8CF4-3E08B454B24F}"
EndProject
Project("{FAE04EC0-301F-11D3-BF4B-00C04F79EFBC}") = "TestEngine", "TestEngine\TestEngine.csproj", "{9824C3E7-078B-4BC4-AA74-B25C2A75969C}"
EndProject
Global
	GlobalSection(SolutionConfigurationPlatforms) = preSolution
		Debug|Any CPU = Debug|Any CPU
		Release|Any CPU = Release|Any CPU
	EndGlobalSection
	GlobalSection(ProjectConfigurationPlatforms) = postSolution
		{49743D80-9EFC-4785-8D4E-FA5168A015C7}.Debug|Any CPU.ActiveCfg = Debug|Any CPU
		{49743D80-9EFC-4785-8D4E-FA5168A015C7}.Debug|Any CPU.Build.0 = Debug|Any CPU
		{49743D80-9EFC-4785-8D4E-FA5168A015C7}.Release|Any CPU.ActiveCfg = Release|Any CPU
		{49743D80-9EFC-4785-8D4E-FA5168A015C7}.Release|Any CPU.Build.0 = Release|Any CPU
		{A2223FFF-24BF-4737-8CF4-3E08B454B24F}.Debug|Any CPU.ActiveCfg = Debug|Any CPU
		{A2223FFF-24BF-4737-8CF4-3E08B454B24F}.Debug|Any CPU.Build.0 = Debug|Any CPU
		{A2223FFF-24BF-4737-8CF4-3E08B454B24F}.Release|Any CPU.ActiveCfg = Release|Any CPU
		{A2223FFF-24BF-4737-8CF4-3E08B454B24F}.Release|Any CPU.Build.0 = Release|Any CPU
		{9824C3E7-078B-4BC4-AA74-B25C2A75969C}.Debug|Any CPU.ActiveCfg = Debug|Any CPU
		{9824C3E7-078B-4BC4-AA74-B25C2A75969C}.Debug|Any CPU.Build.0 = Debug|Any CPU
		{9824C3E7-078B-4BC4-AA74-B25C2A75969C}.Release|Any CPU.ActiveCfg = Release|Any CPU
		{9824C3E7-078B-4BC4-AA74-B25C2A75969C}.Release|Any CPU.Build.0 = Release|Any CPU
	EndGlobalSection
	GlobalSection(SolutionProperties) = preSolution
		HideSolutionNode = FALSE
	EndGlobalSection
	GlobalSection(ExtensibilityGlobals) = postSolution
		SolutionGuid = {92DDCF60-6A09-4D0F-A6C3-51CB7030D511}
	EndGlobalSection
EndGlobal
